
Microsoft Visual Studio Solution File, Format Version 12.00
# Visual Studio 2017
Project("{FAE04EC0-301F-11D3-BF4B-00C04F79EFBC}") = "Grenade", "Grenade.csproj", "{F94D99BB-4FAF-71C1-C32A-E4702C5CA94F}"
EndProject
Project("{FAE04EC0-301F-11D3-BF4B-00C04F79EFBC}") = "Grenade.Editor", "Grenade.Editor.csproj", "{14AF850B-4AE8-AC62-B039-23D7E71266C0}"
EndProject
Global
	GlobalSection(SolutionConfigurationPlatforms) = preSolution
		Debug|Any CPU = Debug|Any CPU
		Release|Any CPU = Release|Any CPU
	EndGlobalSection
	GlobalSection(ProjectConfigurationPlatforms) = postSolution
		{F94D99BB-4FAF-71C1-C32A-E4702C5CA94F}.Debug|Any CPU.ActiveCfg = Debug|Any CPU
		{F94D99BB-4FAF-71C1-C32A-E4702C5CA94F}.Debug|Any CPU.Build.0 = Debug|Any CPU
		{F94D99BB-4FAF-71C1-C32A-E4702C5CA94F}.Release|Any CPU.ActiveCfg = Release|Any CPU
		{F94D99BB-4FAF-71C1-C32A-E4702C5CA94F}.Release|Any CPU.Build.0 = Release|Any CPU
		{14AF850B-4AE8-AC62-B039-23D7E71266C0}.Debug|Any CPU.ActiveCfg = Debug|Any CPU
		{14AF850B-4AE8-AC62-B039-23D7E71266C0}.Debug|Any CPU.Build.0 = Debug|Any CPU
		{14AF850B-4AE8-AC62-B039-23D7E71266C0}.Release|Any CPU.ActiveCfg = Release|Any CPU
		{14AF850B-4AE8-AC62-B039-23D7E71266C0}.Release|Any CPU.Build.0 = Release|Any CPU
	EndGlobalSection
	GlobalSection(SolutionProperties) = preSolution
		HideSolutionNode = FALSE
	EndGlobalSection
EndGlobal
